
Microsoft Visual Studio Solution File, Format Version 11.00
# Visual Studio 2010
Project("{FAE04EC0-301F-11D3-BF4B-00C04F79EFBC}") = "movepaint", "movepaint\movepaint.csproj", "{BD56064D-6702-4D4F-88E2-E2941B0A95B1}"
EndProject
Project("{FAE04EC0-301F-11D3-BF4B-00C04F79EFBC}") = "GtkWin", "Gtk\GtkWin.csproj", "{5AB5CF94-F488-483B-A175-C55C8DEFD7A7}"
EndProject
Global
	GlobalSection(SolutionConfigurationPlatforms) = preSolution
		Debug|x86 = Debug|x86
		Release|x86 = Release|x86
	EndGlobalSection
	GlobalSection(ProjectConfigurationPlatforms) = postSolution
		{5AB5CF94-F488-483B-A175-C55C8DEFD7A7}.Debug|x86.ActiveCfg = Debug|x86
		{5AB5CF94-F488-483B-A175-C55C8DEFD7A7}.Debug|x86.Build.0 = Debug|x86
		{5AB5CF94-F488-483B-A175-C55C8DEFD7A7}.Release|x86.ActiveCfg = Release|x86
		{5AB5CF94-F488-483B-A175-C55C8DEFD7A7}.Release|x86.Build.0 = Release|x86
		{BD56064D-6702-4D4F-88E2-E2941B0A95B1}.Debug|x86.ActiveCfg = Debug|x86
		{BD56064D-6702-4D4F-88E2-E2941B0A95B1}.Debug|x86.Build.0 = Debug|x86
		{BD56064D-6702-4D4F-88E2-E2941B0A95B1}.Release|x86.ActiveCfg = Release|x86
		{BD56064D-6702-4D4F-88E2-E2941B0A95B1}.Release|x86.Build.0 = Release|x86
	EndGlobalSection
	GlobalSection(MonoDevelopProperties) = preSolution
		StartupItem = movepaint\movepaint.csproj
	EndGlobalSection
EndGlobal
